github.com/KevinZonda/GoX v0.0.15 h1:u+G41/srg8c6bmI6Oqw9iBwYiSQk9FKp9fv/YBZadFk=
github.com/KevinZonda/GoX v0.0.15/go.mod h1:WHV3YUyG+ou3wuUgwO4SRhMiKxLTVK5inajmtR1MUXo=
github.com/google/go-github/v55 v55.0.0 h1:4pp/1tNMB9X/LuAhs5i0KQAE40NmiR/y6prLNb9x9cg=
github.com/google/go-github/v55 v55.0.0/go.mod h1:JLahOTA1DnXzhxEymmFF5PP2tSS9JVNj68mSZNDwskA=
